{
    "version": 3,
    "terraform_version": "0.11.13",
    "serial": 2,
    "lineage": "74867182-07e1-a490-e236-f0cdad6c99b3",
    "modules": [
        {
            "path": [
                "root"
            ],
            "outputs": {},
            "resources": {
                "google_compute_instance.vm-from-terraform": {
                    "type": "google_compute_instance",
                    "depends_on": [],
                    "primary": {
                        "id": "vm-from-terraform",
                        "attributes": {
                            "attached_disk.#": "0",
                            "boot_disk.#": "1",
                            "boot_disk.0.auto_delete": "true",
                            "boot_disk.0.device_name": "persistent-disk-0",
                            "boot_disk.0.disk_encryption_key_raw": "",
                            "boot_disk.0.disk_encryption_key_sha256": "",
                            "boot_disk.0.initialize_params.#": "1",
                            "boot_disk.0.initialize_params.0.image": "https://www.googleapis.com/compute/v1/projects/debian-cloud/global/images/debian-11-bullseye-v20221206",
                            "boot_disk.0.initialize_params.0.labels.%": "1",
                            "boot_disk.0.initialize_params.0.labels.my_lable": "value",
                            "boot_disk.0.initialize_params.0.size": "10",
                            "boot_disk.0.initialize_params.0.type": "pd-standard",
                            "boot_disk.0.kms_key_self_link": "",
                            "boot_disk.0.mode": "READ_WRITE",
                            "boot_disk.0.source": "https://www.googleapis.com/compute/v1/projects/devops-assignment-374806/zones/asia-south1-a/disks/vm-from-terraform",
                            "can_ip_forward": "false",
                            "cpu_platform": "Intel Broadwell",
                            "deletion_protection": "false",
                            "description": "",
                            "enable_display": "false",
                            "guest_accelerator.#": "0",
                            "hostname": "",
                            "id": "vm-from-terraform",
                            "instance_id": "2782518866816374384",
                            "label_fingerprint": "42WmSpB8rSM=",
                            "labels.%": "0",
                            "machine_type": "e2-medium",
                            "metadata.%": "0",
                            "metadata_fingerprint": "5uXPiYdDtHw=",
                            "metadata_startup_script": "echo.hi \u003e/test.txt",
                            "min_cpu_platform": "",
                            "name": "vm-from-terraform",
                            "network_interface.#": "1",
                            "network_interface.0.access_config.#": "0",
                            "network_interface.0.address": "",
                            "network_interface.0.alias_ip_range.#": "0",
                            "network_interface.0.name": "nic0",
                            "network_interface.0.network": "https://www.googleapis.com/compute/v1/projects/devops-assignment-374806/global/networks/default",
                            "network_interface.0.network_ip": "10.160.0.3",
                            "network_interface.0.subnetwork": "https://www.googleapis.com/compute/v1/projects/devops-assignment-374806/regions/asia-south1/subnetworks/default",
                            "network_interface.0.subnetwork_project": "devops-assignment-374806",
                            "project": "devops-assignment-374806",
                            "scheduling.#": "1",
                            "scheduling.0.automatic_restart": "true",
                            "scheduling.0.node_affinities.#": "0",
                            "scheduling.0.on_host_maintenance": "MIGRATE",
                            "scheduling.0.preemptible": "false",
                            "scratch_disk.#": "0",
                            "self_link": "https://www.googleapis.com/compute/v1/projects/devops-assignment-374806/zones/asia-south1-a/instances/vm-from-terraform",
                            "service_account.#": "0",
                            "shielded_instance_config.#": "1",
                            "shielded_instance_config.0.enable_integrity_monitoring": "true",
                            "shielded_instance_config.0.enable_secure_boot": "false",
                            "shielded_instance_config.0.enable_vtpm": "true",
                            "tags.#": "0",
                            "tags_fingerprint": "42WmSpB8rSM=",
                            "zone": "asia-south1-a"
                        },
                        "meta": {
                            "e2bfb730-ecaa-11e6-8f88-34363bc7c4c0": {
                                "create": 1200000000000,
                                "delete": 1200000000000,
                                "update": 1200000000000
                            },
                            "schema_version": "6"
                        },
                        "tainted": false
                    },
                    "deposed": [],
                    "provider": "provider.google"
                }
            },
            "depends_on": []
        }
    ]
}
